
Microsoft Visual Studio Solution File, Format Version 12.00
# Visual Studio Version 17
VisualStudioVersion = 17.5.2.0
MinimumVisualStudioVersion = 10.0.40219.1
Project("{FAE04EC0-301F-11D3-BF4B-00C04F79EFBC}") = "aeroWebApi", "aeroWebApi\aeroWebApi.csproj", "{8DBFED23-1B48-48B1-423F-002656A8F29F}"
EndProject
Project("{FAE04EC0-301F-11D3-BF4B-00C04F79EFBC}") = "aeroWebApi.Test", "aeroWebApi.Test\aeroWebApi.Test.csproj", "{33213D7C-BCE2-4D5A-AACE-309764936BCD}"
EndProject
Global
	GlobalSection(SolutionConfigurationPlatforms) = preSolution
		Debug|Any CPU = Debug|Any CPU
		Debug|x64 = Debug|x64
		Debug|x86 = Debug|x86
		Release|Any CPU = Release|Any CPU
		Release|x64 = Release|x64
		Release|x86 = Release|x86
	EndGlobalSection
	GlobalSection(ProjectConfigurationPlatforms) = postSolution
		{8DBFED23-1B48-48B1-423F-002656A8F29F}.Debug|Any CPU.ActiveCfg = Debug|Any CPU
		{8DBFED23-1B48-48B1-423F-002656A8F29F}.Debug|Any CPU.Build.0 = Debug|Any CPU
		{8DBFED23-1B48-48B1-423F-002656A8F29F}.Debug|x64.ActiveCfg = Debug|Any CPU
		{8DBFED23-1B48-48B1-423F-002656A8F29F}.Debug|x64.Build.0 = Debug|Any CPU
		{8DBFED23-1B48-48B1-423F-002656A8F29F}.Debug|x86.ActiveCfg = Debug|Any CPU
		{8DBFED23-1B48-48B1-423F-002656A8F29F}.Debug|x86.Build.0 = Debug|Any CPU
		{8DBFED23-1B48-48B1-423F-002656A8F29F}.Release|Any CPU.ActiveCfg = Release|Any CPU
		{8DBFED23-1B48-48B1-423F-002656A8F29F}.Release|Any CPU.Build.0 = Release|Any CPU
		{8DBFED23-1B48-48B1-423F-002656A8F29F}.Release|x64.ActiveCfg = Release|Any CPU
		{8DBFED23-1B48-48B1-423F-002656A8F29F}.Release|x64.Build.0 = Release|Any CPU
		{8DBFED23-1B48-48B1-423F-002656A8F29F}.Release|x86.ActiveCfg = Release|Any CPU
		{8DBFED23-1B48-48B1-423F-002656A8F29F}.Release|x86.Build.0 = Release|Any CPU
		{33213D7C-BCE2-4D5A-AACE-309764936BCD}.Debug|Any CPU.ActiveCfg = Debug|Any CPU
		{33213D7C-BCE2-4D5A-AACE-309764936BCD}.Debug|Any CPU.Build.0 = Debug|Any CPU
		{33213D7C-BCE2-4D5A-AACE-309764936BCD}.Debug|x64.ActiveCfg = Debug|Any CPU
		{33213D7C-BCE2-4D5A-AACE-309764936BCD}.Debug|x64.Build.0 = Debug|Any CPU
		{33213D7C-BCE2-4D5A-AACE-309764936BCD}.Debug|x86.ActiveCfg = Debug|Any CPU
		{33213D7C-BCE2-4D5A-AACE-309764936BCD}.Debug|x86.Build.0 = Debug|Any CPU
		{33213D7C-BCE2-4D5A-AACE-309764936BCD}.Release|Any CPU.ActiveCfg = Release|Any CPU
		{33213D7C-BCE2-4D5A-AACE-309764936BCD}.Release|Any CPU.Build.0 = Release|Any CPU
		{33213D7C-BCE2-4D5A-AACE-309764936BCD}.Release|x64.ActiveCfg = Release|Any CPU
		{33213D7C-BCE2-4D5A-AACE-309764936BCD}.Release|x64.Build.0 = Release|Any CPU
		{33213D7C-BCE2-4D5A-AACE-309764936BCD}.Release|x86.ActiveCfg = Release|Any CPU
		{33213D7C-BCE2-4D5A-AACE-309764936BCD}.Release|x86.Build.0 = Release|Any CPU
	EndGlobalSection
	GlobalSection(SolutionProperties) = preSolution
		HideSolutionNode = FALSE
	EndGlobalSection
	GlobalSection(ExtensibilityGlobals) = postSolution
		SolutionGuid = {601247D7-1693-4164-B1A5-C55BEAC1A8B6}
	EndGlobalSection
EndGlobal
